// !$*UTF8*$!
{
	archiveVersion = 1;
	classes = {
	};
	objectVersion = 48;
	objects = {

/* Begin PBXBuildFile section */
		BE45B16021481069000CD7AB /* WWSecurity.h in Headers */ = {isa = PBXBuildFile; fileRef = BE45B15E21481069000CD7AB /* WWSecurity.h */; settings = {ATTRIBUTES = (Public, ); }; };
		BE6444D3214C0A6E004264CE /* AsymmetricUtils.m in Sources */ = {isa = PBXBuildFile; fileRef = BE6444C5214C0A6D004264CE /* AsymmetricUtils.m */; };
		BE6444D4214C0A6E004264CE /* SymmetricUtils.m in Sources */ = {isa = PBXBuildFile; fileRef = BE6444C6214C0A6D004264CE /* SymmetricUtils.m */; };
		BE6444D5214C0A6E004264CE /* SymmetricUtils.h in Headers */ = {isa = PBXBuildFile; fileRef = BE6444C7214C0A6D004264CE /* SymmetricUtils.h */; };
		BE6444D6214C0A6E004264CE /* AsymmetricUtils.h in Headers */ = {isa = PBXBuildFile; fileRef = BE6444C8214C0A6D004264CE /* AsymmetricUtils.h */; };
		BE6444D7214C0A6E004264CE /* GTMBase64.h in Headers */ = {isa = PBXBuildFile; fileRef = BE6444CA214C0A6D004264CE /* GTMBase64.h */; };
		BE6444D8214C0A6E004264CE /* EncodeUtils.h in Headers */ = {isa = PBXBuildFile; fileRef = BE6444CB214C0A6D004264CE /* EncodeUtils.h */; };
		BE6444D9214C0A6E004264CE /* GTMDefines.h in Headers */ = {isa = PBXBuildFile; fileRef = BE6444CC214C0A6D004264CE /* GTMDefines.h */; };
		BE6444DA214C0A6E004264CE /* GTMBase64.m in Sources */ = {isa = PBXBuildFile; fileRef = BE6444CD214C0A6D004264CE /* GTMBase64.m */; };
		BE6444DB214C0A6E004264CE /* EncodeUtils.m in Sources */ = {isa = PBXBuildFile; fileRef = BE6444CE214C0A6D004264CE /* EncodeUtils.m */; };
		BE6444DC214C0A6E004264CE /* DigestUtils.m in Sources */ = {isa = PBXBuildFile; fileRef = BE6444D1214C0A6D004264CE /* DigestUtils.m */; };
		BE6444DD214C0A6E004264CE /* DigestUtils.h in Headers */ = {isa = PBXBuildFile; fileRef = BE6444D2214C0A6D004264CE /* DigestUtils.h */; };
/* End PBXBuildFile section */

/* Begin PBXFileReference section */
		BE45B15B21481069000CD7AB /* WWSecurity.framework */ = {isa = PBXFileReference; explicitFileType = wrapper.framework; includeInIndex = 0; path = WWSecurity.framework; sourceTree = BUILT_PRODUCTS_DIR; };
		BE45B15E21481069000CD7AB /* WWSecurity.h */ = {isa = PBXFileReference; lastKnownFileType = sourcecode.c.h; path = WWSecurity.h; sourceTree = "<group>"; };
		BE45B15F21481069000CD7AB /* Info.plist */ = {isa = PBXFileReference; lastKnownFileType = text.plist.xml; path = Info.plist; sourceTree = "<group>"; };
		BE6444C5214C0A6D004264CE /* AsymmetricUtils.m */ = {isa = PBXFileReference; fileEncoding = 4; lastKnownFileType = sourcecode.c.objc; path = AsymmetricUtils.m; sourceTree = "<group>"; };
		BE6444C6214C0A6D004264CE /* SymmetricUtils.m */ = {isa = PBXFileReference; fileEncoding = 4; lastKnownFileType = sourcecode.c.objc; path = SymmetricUtils.m; sourceTree = "<group>"; };
		BE6444C7214C0A6D004264CE /* SymmetricUtils.h */ = {isa = PBXFileReference; fileEncoding = 4; lastKnownFileType = sourcecode.c.h; path = SymmetricUtils.h; sourceTree = "<group>"; };
		BE6444C8214C0A6D004264CE /* AsymmetricUtils.h */ = {isa = PBXFileReference; fileEncoding = 4; lastKnownFileType = sourcecode.c.h; path = AsymmetricUtils.h; sourceTree = "<group>"; };
		BE6444CA214C0A6D004264CE /* GTMBase64.h */ = {isa = PBXFileReference; fileEncoding = 4; lastKnownFileType = sourcecode.c.h; path = GTMBase64.h; sourceTree = "<group>"; };
		BE6444CB214C0A6D004264CE /* EncodeUtils.h */ = {isa = PBXFileReference; fileEncoding = 4; lastKnownFileType = sourcecode.c.h; path = EncodeUtils.h; sourceTree = "<group>"; };
		BE6444CC214C0A6D004264CE /* GTMDefines.h */ = {isa = PBXFileReference; fileEncoding = 4; lastKnownFileType = sourcecode.c.h; path = GTMDefines.h; sourceTree = "<group>"; };
		BE6444CD214C0A6D004264CE /* GTMBase64.m */ = {isa = PBXFileReference; fileEncoding = 4; lastKnownFileType = sourcecode.c.objc; path = GTMBase64.m; sourceTree = "<group>"; };
		BE6444CE214C0A6D004264CE /* EncodeUtils.m */ = {isa = PBXFileReference; fileEncoding = 4; lastKnownFileType = sourcecode.c.objc; path = EncodeUtils.m; sourceTree = "<group>"; };
		BE6444D1214C0A6D004264CE /* DigestUtils.m */ = {isa = PBXFileReference; fileEncoding = 4; lastKnownFileType = sourcecode.c.objc; path = DigestUtils.m; sourceTree = "<group>"; };
		BE6444D2214C0A6D004264CE /* DigestUtils.h */ = {isa = PBXFileReference; fileEncoding = 4; lastKnownFileType = sourcecode.c.h; path = DigestUtils.h; sourceTree = "<group>"; };
/* End PBXFileReference section */

/* Begin PBXFrameworksBuildPhase section */
		BE45B15721481069000CD7AB /* Frameworks */ = {
			isa = PBXFrameworksBuildPhase;
			buildActionMask = 2147483647;
			files = (
			);
			runOnlyForDeploymentPostprocessing = 0;
		};
/* End PBXFrameworksBuildPhase section */

/* Begin PBXGroup section */
		BE45B15121481069000CD7AB = {
			isa = PBXGroup;
			children = (
				BE45B15D21481069000CD7AB /* WWSecurity */,
				BE45B15C21481069000CD7AB /* Products */,
			);
			sourceTree = "<group>";
		};
		BE45B15C21481069000CD7AB /* Products */ = {
			isa = PBXGroup;
			children = (
				BE45B15B21481069000CD7AB /* WWSecurity.framework */,
			);
			name = Products;
			sourceTree = "<group>";
		};
		BE45B15D21481069000CD7AB /* WWSecurity */ = {
			isa = PBXGroup;
			children = (
				BE6444C9214C0A6D004264CE /* Encoding */,
				BE6444C4214C0A6D004264CE /* Encryption */,
				BE6444D0214C0A6D004264CE /* Hashing */,
				BE45B15F21481069000CD7AB /* Info.plist */,
				BE6444CF214C0A6D004264CE /* Randomizer */,
				BE45B15E21481069000CD7AB /* WWSecurity.h */,
			);
			path = WWSecurity;
			sourceTree = "<group>";
		};
		BE6444C4214C0A6D004264CE /* Encryption */ = {
			isa = PBXGroup;
			children = (
				BE6444C8214C0A6D004264CE /* AsymmetricUtils.h */,
				BE6444C5214C0A6D004264CE /* AsymmetricUtils.m */,
				BE6444C7214C0A6D004264CE /* SymmetricUtils.h */,
				BE6444C6214C0A6D004264CE /* SymmetricUtils.m */,
			);
			path = Encryption;
			sourceTree = "<group>";
		};
		BE6444C9214C0A6D004264CE /* Encoding */ = {
			isa = PBXGroup;
			children = (
				BE6444CB214C0A6D004264CE /* EncodeUtils.h */,
				BE6444CE214C0A6D004264CE /* EncodeUtils.m */,
				BE6444CA214C0A6D004264CE /* GTMBase64.h */,
				BE6444CD214C0A6D004264CE /* GTMBase64.m */,
				BE6444CC214C0A6D004264CE /* GTMDefines.h */,
			);
			path = Encoding;
			sourceTree = "<group>";
		};
		BE6444CF214C0A6D004264CE /* Randomizer */ = {
			isa = PBXGroup;
			children = (
			);
			path = Randomizer;
			sourceTree = "<group>";
		};
		BE6444D0214C0A6D004264CE /* Hashing */ = {
			isa = PBXGroup;
			children = (
				BE6444D1214C0A6D004264CE /* DigestUtils.m */,
				BE6444D2214C0A6D004264CE /* DigestUtils.h */,
			);
			path = Hashing;
			sourceTree = "<group>";
		};
/* End PBXGroup section */

/* Begin PBXHeadersBuildPhase section */
		BE45B15821481069000CD7AB /* Headers */ = {
			isa = PBXHeadersBuildPhase;
			buildActionMask = 2147483647;
			files = (
				BE6444D5214C0A6E004264CE /* SymmetricUtils.h in Headers */,
				BE6444DD214C0A6E004264CE /* DigestUtils.h in Headers */,
				BE6444D8214C0A6E004264CE /* EncodeUtils.h in Headers */,
				BE45B16021481069000CD7AB /* WWSecurity.h in Headers */,
				BE6444D7214C0A6E004264CE /* GTMBase64.h in Headers */,
				BE6444D9214C0A6E004264CE /* GTMDefines.h in Headers */,
				BE6444D6214C0A6E004264CE /* AsymmetricUtils.h in Headers */,
			);
			runOnlyForDeploymentPostprocessing = 0;
		};
/* End PBXHeadersBuildPhase section */

/* Begin PBXNativeTarget section */
		BE45B15A21481069000CD7AB /* WWSecurity */ = {
			isa = PBXNativeTarget;
			buildConfigurationList = BE45B16321481069000CD7AB /* Build configuration list for PBXNativeTarget "WWSecurity" */;
			buildPhases = (
				BE45B15621481069000CD7AB /* Sources */,
				BE45B15721481069000CD7AB /* Frameworks */,
				BE45B15821481069000CD7AB /* Headers */,
				BE45B15921481069000CD7AB /* Resources */,
			);
			buildRules = (
			);
			dependencies = (
			);
			name = WWSecurity;
			productName = WWSecurity;
			productReference = BE45B15B21481069000CD7AB /* WWSecurity.framework */;
			productType = "com.apple.product-type.framework";
		};
/* End PBXNativeTarget section */

/* Begin PBXProject section */
		BE45B15221481069000CD7AB /* Project object */ = {
			isa = PBXProject;
			attributes = {
				LastUpgradeCheck = 0940;
				ORGANIZATIONNAME = net.shines;
				TargetAttributes = {
					BE45B15A21481069000CD7AB = {
						CreatedOnToolsVersion = 9.4.1;
					};
				};
			};
			buildConfigurationList = BE45B15521481069000CD7AB /* Build configuration list for PBXProject "WWSecurity" */;
			compatibilityVersion = "Xcode 9.3";
			developmentRegion = en;
			hasScannedForEncodings = 0;
			knownRegions = (
				en,
			);
			mainGroup = BE45B15121481069000CD7AB;
			productRefGroup = BE45B15C21481069000CD7AB /* Products */;
			projectDirPath = "";
			projectRoot = "";
			targets = (
				BE45B15A21481069000CD7AB /* WWSecurity */,
			);
		};
/* End PBXProject section */

/* Begin PBXResourcesBuildPhase section */
		BE45B15921481069000CD7AB /* Resources */ = {
			isa = PBXResourcesBuildPhase;
			buildActionMask = 2147483647;
			files = (
			);
			runOnlyForDeploymentPostprocessing = 0;
		};
/* End PBXResourcesBuildPhase section */

/* Begin PBXSourcesBuildPhase section */
		BE45B15621481069000CD7AB /* Sources */ = {
			isa = PBXSourcesBuildPhase;
			buildActionMask = 2147483647;
			files = (
				BE6444D3214C0A6E004264CE /* AsymmetricUtils.m in Sources */,
				BE6444DC214C0A6E004264CE /* DigestUtils.m in Sources */,
				BE6444DA214C0A6E004264CE /* GTMBase64.m in Sources */,
				BE6444D4214C0A6E004264CE /* SymmetricUtils.m in Sources */,
				BE6444DB214C0A6E004264CE /* EncodeUtils.m in Sources */,
			);
			runOnlyForDeploymentPostprocessing = 0;
		};
/* End PBXSourcesBuildPhase section */

/* Begin XCBuildConfiguration section */
		BE45B16121481069000CD7AB /* Debug */ = {
			isa = XCBuildConfiguration;
			buildSettings = {
				ALWAYS_SEARCH_USER_PATHS = NO;
				CLANG_ANALYZER_NONNULL = YES;
				CLANG_ANALYZER_NUMBER_OBJECT_CONVERSION = YES_AGGRESSIVE;
				CLANG_CXX_LANGUAGE_STANDARD = "gnu++14";
				CLANG_CXX_LIBRARY = "libc++";
				CLANG_ENABLE_MODULES = YES;
				CLANG_ENABLE_OBJC_ARC = YES;
				CLANG_ENABLE_OBJC_WEAK = YES;
				CLANG_WARN_BLOCK_CAPTURE_AUTORELEASING = YES;
				CLANG_WARN_BOOL_CONVERSION = YES;
				CLANG_WARN_COMMA = YES;
				CLANG_WARN_CONSTANT_CONVERSION = YES;
				CLANG_WARN_DEPRECATED_OBJC_IMPLEMENTATIONS = YES;
				CLANG_WARN_DIRECT_OBJC_ISA_USAGE = YES_ERROR;
				CLANG_WARN_DOCUMENTATION_COMMENTS = YES;
				CLANG_WARN_EMPTY_BODY = YES;
				CLANG_WARN_ENUM_CONVERSION = YES;
				CLANG_WARN_INFINITE_RECURSION = YES;
				CLANG_WARN_INT_CONVERSION = YES;
				CLANG_WARN_NON_LITERAL_NULL_CONVERSION = YES;
				CLANG_WARN_OBJC_IMPLICIT_RETAIN_SELF = YES;
				CLANG_WARN_OBJC_LITERAL_CONVERSION = YES;
				CLANG_WARN_OBJC_ROOT_CLASS = YES_ERROR;
				CLANG_WARN_RANGE_LOOP_ANALYSIS = YES;
				CLANG_WARN_STRICT_PROTOTYPES = YES;
				CLANG_WARN_SUSPICIOUS_MOVE = YES;
				CLANG_WARN_UNGUARDED_AVAILABILITY = YES_AGGRESSIVE;
				CLANG_WARN_UNREACHABLE_CODE = YES;
				CLANG_WARN__DUPLICATE_METHOD_MATCH = YES;
				CODE_SIGN_IDENTITY = "iPhone Developer";
				COPY_PHASE_STRIP = NO;
				CURRENT_PROJECT_VERSION = 1;
				DEBUG_INFORMATION_FORMAT = dwarf;
				ENABLE_STRICT_OBJC_MSGSEND = YES;
				ENABLE_TESTABILITY = YES;
				GCC_C_LANGUAGE_STANDARD = gnu11;
				GCC_DYNAMIC_NO_PIC = NO;
				GCC_NO_COMMON_BLOCKS = YES;
				GCC_OPTIMIZATION_LEVEL = 0;
				GCC_PREPROCESSOR_DEFINITIONS = (
					"DEBUG=1",
					"$(inherited)",
				);
				GCC_WARN_64_TO_32_BIT_CONVERSION = YES;
				GCC_WARN_ABOUT_RETURN_TYPE = YES_ERROR;
				GCC_WARN_UNDECLARED_SELECTOR = YES;
				GCC_WARN_UNINITIALIZED_AUTOS = YES_AGGRESSIVE;
				GCC_WARN_UNUSED_FUNCTION = YES;
				GCC_WARN_UNUSED_VARIABLE = YES;
				IPHONEOS_DEPLOYMENT_TARGET = 8.0;
				MTL_ENABLE_DEBUG_INFO = YES;
				ONLY_ACTIVE_ARCH = YES;
				SDKROOT = iphoneos;
				VERSIONING_SYSTEM = "apple-generic";
				VERSION_INFO_PREFIX = "";
			};
			name = Debug;
		};
		BE45B16221481069000CD7AB /* Release */ = {
			isa = XCBuildConfiguration;
			buildSettings = {
				ALWAYS_SEARCH_USER_PATHS = NO;
				CLANG_ANALYZER_NONNULL = YES;
				CLANG_ANALYZER_NUMBER_OBJECT_CONVERSION = YES_AGGRESSIVE;
				CLANG_CXX_LANGUAGE_STANDARD = "gnu++14";
				CLANG_CXX_LIBRARY = "libc++";
				CLANG_ENABLE_MODULES = YES;
				CLANG_ENABLE_OBJC_ARC = YES;
				CLANG_ENABLE_OBJC_WEAK = YES;
				CLANG_WARN_BLOCK_CAPTURE_AUTORELEASING = YES;
				CLANG_WARN_BOOL_CONVERSION = YES;
				CLANG_WARN_COMMA = YES;
				CLANG_WARN_CONSTANT_CONVERSION = YES;
				CLANG_WARN_DEPRECATED_OBJC_IMPLEMENTATIONS = YES;
				CLANG_WARN_DIRECT_OBJC_ISA_USAGE = YES_ERROR;
				CLANG_WARN_DOCUMENTATION_COMMENTS = YES;
				CLANG_WARN_EMPTY_BODY = YES;
				CLANG_WARN_ENUM_CONVERSION = YES;
				CLANG_WARN_INFINITE_RECURSION = YES;
				CLANG_WARN_INT_CONVERSION = YES;
				CLANG_WARN_NON_LITERAL_NULL_CONVERSION = YES;
				CLANG_WARN_OBJC_IMPLICIT_RETAIN_SELF = YES;
				CLANG_WARN_OBJC_LITERAL_CONVERSION = YES;
				CLANG_WARN_OBJC_ROOT_CLASS = YES_ERROR;
				CLANG_WARN_RANGE_LOOP_ANALYSIS = YES;
				CLANG_WARN_STRICT_PROTOTYPES = YES;
				CLANG_WARN_SUSPICIOUS_MOVE = YES;
				CLANG_WARN_UNGUARDED_AVAILABILITY = YES_AGGRESSIVE;
				CLANG_WARN_UNREACHABLE_CODE = YES;
				CLANG_WARN__DUPLICATE_METHOD_MATCH = YES;
				CODE_SIGN_IDENTITY = "iPhone Developer";
				COPY_PHASE_STRIP = NO;
				CURRENT_PROJECT_VERSION = 1;
				DEBUG_INFORMATION_FORMAT = "dwarf-with-dsym";
				ENABLE_NS_ASSERTIONS = NO;
				ENABLE_STRICT_OBJC_MSGSEND = YES;
				GCC_C_LANGUAGE_STANDARD = gnu11;
				GCC_NO_COMMON_BLOCKS = YES;
				GCC_WARN_64_TO_32_BIT_CONVERSION = YES;
				GCC_WARN_ABOUT_RETURN_TYPE = YES_ERROR;
				GCC_WARN_UNDECLARED_SELECTOR = YES;
				GCC_WARN_UNINITIALIZED_AUTOS = YES_AGGRESSIVE;
				GCC_WARN_UNUSED_FUNCTION = YES;
				GCC_WARN_UNUSED_VARIABLE = YES;
				IPHONEOS_DEPLOYMENT_TARGET = 8.0;
				MTL_ENABLE_DEBUG_INFO = NO;
				SDKROOT = iphoneos;
				VALIDATE_PRODUCT = YES;
				VERSIONING_SYSTEM = "apple-generic";
				VERSION_INFO_PREFIX = "";
			};
			name = Release;
		};
		BE45B16421481069000CD7AB /* Debug */ = {
			isa = XCBuildConfiguration;
			buildSettings = {
				CODE_SIGN_IDENTITY = "";
				CODE_SIGN_STYLE = Automatic;
				DEFINES_MODULE = YES;
				DEVELOPMENT_TEAM = 3J97UM237A;
				DYLIB_COMPATIBILITY_VERSION = 1;
				DYLIB_CURRENT_VERSION = 1;
				DYLIB_INSTALL_NAME_BASE = "@rpath";
				INFOPLIST_FILE = WWSecurity/Info.plist;
				INSTALL_PATH = "$(LOCAL_LIBRARY_DIR)/Frameworks";
				LD_RUNPATH_SEARCH_PATHS = (
					"$(inherited)",
					"@executable_path/Frameworks",
					"@loader_path/Frameworks",
				);
				PRODUCT_BUNDLE_IDENTIFIER = net.shines.WWSecurity;
				PRODUCT_NAME = "$(TARGET_NAME:c99extidentifier)";
				SKIP_INSTALL = YES;
				TARGETED_DEVICE_FAMILY = "1,2";
			};
			name = Debug;
		};
		BE45B16521481069000CD7AB /* Release */ = {
			isa = XCBuildConfiguration;
			buildSettings = {
				CODE_SIGN_IDENTITY = "";
				CODE_SIGN_STYLE = Automatic;
				DEFINES_MODULE = YES;
				DEVELOPMENT_TEAM = 3J97UM237A;
				DYLIB_COMPATIBILITY_VERSION = 1;
				DYLIB_CURRENT_VERSION = 1;
				DYLIB_INSTALL_NAME_BASE = "@rpath";
				INFOPLIST_FILE = WWSecurity/Info.plist;
				INSTALL_PATH = "$(LOCAL_LIBRARY_DIR)/Frameworks";
				LD_RUNPATH_SEARCH_PATHS = (
					"$(inherited)",
					"@executable_path/Frameworks",
					"@loader_path/Frameworks",
				);
				PRODUCT_BUNDLE_IDENTIFIER = net.shines.WWSecurity;
				PRODUCT_NAME = "$(TARGET_NAME:c99extidentifier)";
				SKIP_INSTALL = YES;
				TARGETED_DEVICE_FAMILY = "1,2";
			};
			name = Release;
		};
/* End XCBuildConfiguration section */

/* Begin XCConfigurationList section */
		BE45B15521481069000CD7AB /* Build configuration list for PBXProject "WWSecurity" */ = {
			isa = XCConfigurationList;
			buildConfigurations = (
				BE45B16121481069000CD7AB /* Debug */,
				BE45B16221481069000CD7AB /* Release */,
			);
			defaultConfigurationIsVisible = 0;
			defaultConfigurationName = Release;
		};
		BE45B16321481069000CD7AB /* Build configuration list for PBXNativeTarget "WWSecurity" */ = {
			isa = XCConfigurationList;
			buildConfigurations = (
				BE45B16421481069000CD7AB /* Debug */,
				BE45B16521481069000CD7AB /* Release */,
			);
			defaultConfigurationIsVisible = 0;
			defaultConfigurationName = Release;
		};
/* End XCConfigurationList section */
	};
	rootObject = BE45B15221481069000CD7AB /* Project object */;
}
